
Microsoft Visual Studio Solution File, Format Version 12.00
# Visual Studio Version 16
VisualStudioVersion = 16.0.30225.117
MinimumVisualStudioVersion = 10.0.40219.1
Project("{9A19103F-16F7-4668-BE54-9A1E7A4F7556}") = "01 Student System", "1.Student System\01 Student System.csproj", "{8EB18026-7180-4F89-A111-924B25D320ED}"
EndProject
Global
	GlobalSection(SolutionConfigurationPlatforms) = preSolution
		Debug|Any CPU = Debug|Any CPU
		Release|Any CPU = Release|Any CPU
	EndGlobalSection
	GlobalSection(ProjectConfigurationPlatforms) = postSolution
		{8EB18026-7180-4F89-A111-924B25D320ED}.Debug|Any CPU.ActiveCfg = Debug|Any CPU
		{8EB18026-7180-4F89-A111-924B25D320ED}.Debug|Any CPU.Build.0 = Debug|Any CPU
		{8EB18026-7180-4F89-A111-924B25D320ED}.Release|Any CPU.ActiveCfg = Release|Any CPU
		{8EB18026-7180-4F89-A111-924B25D320ED}.Release|Any CPU.Build.0 = Release|Any CPU
	EndGlobalSection
	GlobalSection(SolutionProperties) = preSolution
		HideSolutionNode = FALSE
	EndGlobalSection
	GlobalSection(ExtensibilityGlobals) = postSolution
		SolutionGuid = {40413EDA-D35F-467A-A9F3-6D28A257DC04}
	EndGlobalSection
EndGlobal
