
Microsoft Visual Studio Solution File, Format Version 12.00
# Visual Studio Version 16
VisualStudioVersion = 16.0.29503.13
MinimumVisualStudioVersion = 10.0.40219.1
Project("{9A19103F-16F7-4668-BE54-9A1E7A4F7556}") = "1.Vehicles", "1.Vehicles\1.Vehicles.csproj", "{011FB158-1805-413F-9BB4-1B7398E10596}"
EndProject
Project("{FAE04EC0-301F-11D3-BF4B-00C04F79EFBC}") = "3.WildFarm", "3.WildFarm\3.WildFarm.csproj", "{C157FFF3-E627-4B4B-B782-3BF47FE4650E}"
EndProject
Global
	GlobalSection(SolutionConfigurationPlatforms) = preSolution
		Debug|Any CPU = Debug|Any CPU
		Release|Any CPU = Release|Any CPU
	EndGlobalSection
	GlobalSection(ProjectConfigurationPlatforms) = postSolution
		{011FB158-1805-413F-9BB4-1B7398E10596}.Debug|Any CPU.ActiveCfg = Debug|Any CPU
		{011FB158-1805-413F-9BB4-1B7398E10596}.Debug|Any CPU.Build.0 = Debug|Any CPU
		{011FB158-1805-413F-9BB4-1B7398E10596}.Release|Any CPU.ActiveCfg = Release|Any CPU
		{011FB158-1805-413F-9BB4-1B7398E10596}.Release|Any CPU.Build.0 = Release|Any CPU
		{C157FFF3-E627-4B4B-B782-3BF47FE4650E}.Debug|Any CPU.ActiveCfg = Debug|Any CPU
		{C157FFF3-E627-4B4B-B782-3BF47FE4650E}.Debug|Any CPU.Build.0 = Debug|Any CPU
		{C157FFF3-E627-4B4B-B782-3BF47FE4650E}.Release|Any CPU.ActiveCfg = Release|Any CPU
		{C157FFF3-E627-4B4B-B782-3BF47FE4650E}.Release|Any CPU.Build.0 = Release|Any CPU
	EndGlobalSection
	GlobalSection(SolutionProperties) = preSolution
		HideSolutionNode = FALSE
	EndGlobalSection
	GlobalSection(ExtensibilityGlobals) = postSolution
		SolutionGuid = {7A9E8D69-9C4E-4786-A1F3-BB0ECE12F716}
	EndGlobalSection
EndGlobal
