
Microsoft Visual Studio Solution File, Format Version 12.00
# Visual Studio Version 16
VisualStudioVersion = 16.0.30517.126
MinimumVisualStudioVersion = 10.0.40219.1
Project("{FAE04EC0-301F-11D3-BF4B-00C04F79EFBC}") = "SIS.HTTP", "SIS.HTTP\SIS.HTTP.csproj", "{34631BD3-0328-49D8-B0AB-C5A6915932DA}"
EndProject
Project("{FAE04EC0-301F-11D3-BF4B-00C04F79EFBC}") = "SIS.MVC.Framework", "SIS.MVC.Framework\SIS.MVC.Framework.csproj", "{93022F92-6F5B-4D2D-B868-EF53319EB7B3}"
EndProject
Project("{FAE04EC0-301F-11D3-BF4B-00C04F79EFBC}") = "DemoApp", "DemoApp\DemoApp.csproj", "{98336506-2ADB-435C-A3A1-45A89417E171}"
EndProject
Global
	GlobalSection(SolutionConfigurationPlatforms) = preSolution
		Debug|Any CPU = Debug|Any CPU
		Release|Any CPU = Release|Any CPU
	EndGlobalSection
	GlobalSection(ProjectConfigurationPlatforms) = postSolution
		{34631BD3-0328-49D8-B0AB-C5A6915932DA}.Debug|Any CPU.ActiveCfg = Debug|Any CPU
		{34631BD3-0328-49D8-B0AB-C5A6915932DA}.Debug|Any CPU.Build.0 = Debug|Any CPU
		{34631BD3-0328-49D8-B0AB-C5A6915932DA}.Release|Any CPU.ActiveCfg = Release|Any CPU
		{34631BD3-0328-49D8-B0AB-C5A6915932DA}.Release|Any CPU.Build.0 = Release|Any CPU
		{93022F92-6F5B-4D2D-B868-EF53319EB7B3}.Debug|Any CPU.ActiveCfg = Debug|Any CPU
		{93022F92-6F5B-4D2D-B868-EF53319EB7B3}.Debug|Any CPU.Build.0 = Debug|Any CPU
		{93022F92-6F5B-4D2D-B868-EF53319EB7B3}.Release|Any CPU.ActiveCfg = Release|Any CPU
		{93022F92-6F5B-4D2D-B868-EF53319EB7B3}.Release|Any CPU.Build.0 = Release|Any CPU
		{98336506-2ADB-435C-A3A1-45A89417E171}.Debug|Any CPU.ActiveCfg = Debug|Any CPU
		{98336506-2ADB-435C-A3A1-45A89417E171}.Debug|Any CPU.Build.0 = Debug|Any CPU
		{98336506-2ADB-435C-A3A1-45A89417E171}.Release|Any CPU.ActiveCfg = Release|Any CPU
		{98336506-2ADB-435C-A3A1-45A89417E171}.Release|Any CPU.Build.0 = Release|Any CPU
	EndGlobalSection
	GlobalSection(SolutionProperties) = preSolution
		HideSolutionNode = FALSE
	EndGlobalSection
	GlobalSection(ExtensibilityGlobals) = postSolution
		SolutionGuid = {4159047B-20DA-46DD-B071-BEC7F47B10DA}
	EndGlobalSection
EndGlobal
