
Microsoft Visual Studio Solution File, Format Version 12.00
# Visual Studio Version 16
VisualStudioVersion = 16.0.30517.126
MinimumVisualStudioVersion = 10.0.40219.1
Project("{FAE04EC0-301F-11D3-BF4B-00C04F79EFBC}") = "SUS.HTTP", "SUS.HTTP\SUS.HTTP.csproj", "{1A000794-CB4D-4C56-8FDB-75821AE30D35}"
EndProject
Project("{FAE04EC0-301F-11D3-BF4B-00C04F79EFBC}") = "SUS.MVC.Framework", "SUS.MVC.Framework\SUS.MVC.Framework.csproj", "{659942D1-2B33-42E5-9250-50A94F183716}"
EndProject
Project("{2150E333-8FDC-42A3-9474-1A3956D46DE8}") = "Apps", "Apps", "{B86C4779-E85E-40DC-B229-84A57E45A4CC}"
EndProject
Project("{FAE04EC0-301F-11D3-BF4B-00C04F79EFBC}") = "MyFirstMvcApp", "Apps\MyFirstMvcApp\MyFirstMvcApp.csproj", "{A6325C9C-AA70-4E33-BF70-65D83B54DC97}"
EndProject
Global
	GlobalSection(SolutionConfigurationPlatforms) = preSolution
		Debug|Any CPU = Debug|Any CPU
		Release|Any CPU = Release|Any CPU
	EndGlobalSection
	GlobalSection(ProjectConfigurationPlatforms) = postSolution
		{1A000794-CB4D-4C56-8FDB-75821AE30D35}.Debug|Any CPU.ActiveCfg = Debug|Any CPU
		{1A000794-CB4D-4C56-8FDB-75821AE30D35}.Debug|Any CPU.Build.0 = Debug|Any CPU
		{1A000794-CB4D-4C56-8FDB-75821AE30D35}.Release|Any CPU.ActiveCfg = Release|Any CPU
		{1A000794-CB4D-4C56-8FDB-75821AE30D35}.Release|Any CPU.Build.0 = Release|Any CPU
		{659942D1-2B33-42E5-9250-50A94F183716}.Debug|Any CPU.ActiveCfg = Debug|Any CPU
		{659942D1-2B33-42E5-9250-50A94F183716}.Debug|Any CPU.Build.0 = Debug|Any CPU
		{659942D1-2B33-42E5-9250-50A94F183716}.Release|Any CPU.ActiveCfg = Release|Any CPU
		{659942D1-2B33-42E5-9250-50A94F183716}.Release|Any CPU.Build.0 = Release|Any CPU
		{A6325C9C-AA70-4E33-BF70-65D83B54DC97}.Debug|Any CPU.ActiveCfg = Debug|Any CPU
		{A6325C9C-AA70-4E33-BF70-65D83B54DC97}.Debug|Any CPU.Build.0 = Debug|Any CPU
		{A6325C9C-AA70-4E33-BF70-65D83B54DC97}.Release|Any CPU.ActiveCfg = Release|Any CPU
		{A6325C9C-AA70-4E33-BF70-65D83B54DC97}.Release|Any CPU.Build.0 = Release|Any CPU
	EndGlobalSection
	GlobalSection(SolutionProperties) = preSolution
		HideSolutionNode = FALSE
	EndGlobalSection
	GlobalSection(NestedProjects) = preSolution
		{A6325C9C-AA70-4E33-BF70-65D83B54DC97} = {B86C4779-E85E-40DC-B229-84A57E45A4CC}
	EndGlobalSection
	GlobalSection(ExtensibilityGlobals) = postSolution
		SolutionGuid = {A88DBDB1-2D55-473F-AFA9-1BE380AA4A98}
	EndGlobalSection
EndGlobal
